{
  "version": 4,
  "terraform_version": "1.12.1",
  "serial": 21,
  "lineage": "452ad5ac-c8cc-11f6-55de-95faec6fd13d",
  "outputs": {
    "key_vault_name": {
      "value": "kv-ssh-b7e3d851",
      "type": "string"
    },
    "vm_public_ip": {
      "value": "",
      "type": "string"
    }
  },
  "resources": [
    {
      "mode": "data",
      "type": "azurerm_client_config",
      "name": "current",
      "provider": "provider[\"registry.terraform.io/hashicorp/azurerm\"]",
      "instances": [
        {
          "schema_version": 0,
          "attributes": {
            "client_id": "4585fc7d-96a5-451b-b42d-0ca1b81907c5",
            "id": "Y2xpZW50Q29uZmlncy9jbGllbnRJZD00NTg1ZmM3ZC05NmE1LTQ1MWItYjQyZC0wY2ExYjgxOTA3YzU7b2JqZWN0SWQ9ZGY5ZWM3ZWQtMTcwNi00OTlkLThjZTItM2M2NDYzNmNmMzFiO3N1YnNjcmlwdGlvbklkPWM0Y2JhN2FlLTA1YmEtNDUyMC1iMTJhLThmNmE0ZmUyZDQyMjt0ZW5hbnRJZD01YzcxM2M1Ni05Yzc3LTRjOWEtYThmMS0xYWQzYzdhYWI5NjQ=",
            "object_id": "df9ec7ed-1706-499d-8ce2-3c64636cf31b",
            "subscription_id": "c4cba7ae-05ba-4520-b12a-8f6a4fe2d422",
            "tenant_id": "5c713c56-9c77-4c9a-a8f1-1ad3c7aab964",
            "timeouts": null
          },
          "sensitive_attributes": [],
          "identity_schema_version": 0
        }
      ]
    },
    {
      "mode": "managed",
      "type": "azurerm_key_vault",
      "name": "ssh_vault",
      "provider": "provider[\"registry.terraform.io/hashicorp/azurerm\"]",
      "instances": [
        {
          "schema_version": 2,
          "attributes": {
            "access_policy": [
              {
                "application_id": "",
                "certificate_permissions": null,
                "key_permissions": null,
                "object_id": "df9ec7ed-1706-499d-8ce2-3c64636cf31b",
                "secret_permissions": [
                  "Set",
                  "Get",
                  "List",
                  "Delete"
                ],
                "storage_permissions": null,
                "tenant_id": "5c713c56-9c77-4c9a-a8f1-1ad3c7aab964"
              }
            ],
            "contact": [],
            "enable_rbac_authorization": false,
            "enabled_for_deployment": false,
            "enabled_for_disk_encryption": false,
            "enabled_for_template_deployment": false,
            "id": "/subscriptions/c4cba7ae-05ba-4520-b12a-8f6a4fe2d422/resourceGroups/rg-app-temperature-exporter-vm/providers/Microsoft.KeyVault/vaults/kv-ssh-b7e3d851",
            "location": "westeurope",
            "name": "kv-ssh-b7e3d851",
            "network_acls": [
              {
                "bypass": "AzureServices",
                "default_action": "Allow",
                "ip_rules": [],
                "virtual_network_subnet_ids": []
              }
            ],
            "public_network_access_enabled": true,
            "purge_protection_enabled": false,
            "resource_group_name": "rg-app-temperature-exporter-vm",
            "sku_name": "standard",
            "soft_delete_retention_days": 7,
            "tags": null,
            "tenant_id": "5c713c56-9c77-4c9a-a8f1-1ad3c7aab964",
            "timeouts": null,
            "vault_uri": "https://kv-ssh-b7e3d851.vault.azure.net/"
          },
          "sensitive_attributes": [],
          "identity_schema_version": 0,
          "private": "eyJlMmJmYjczMC1lY2FhLTExZTYtOGY4OC0zNDM2M2JjN2M0YzAiOnsiY3JlYXRlIjoxODAwMDAwMDAwMDAwLCJkZWxldGUiOjE4MDAwMDAwMDAwMDAsInJlYWQiOjMwMDAwMDAwMDAwMCwidXBkYXRlIjoxODAwMDAwMDAwMDAwfSwic2NoZW1hX3ZlcnNpb24iOiIyIn0=",
          "dependencies": [
            "data.azurerm_client_config.current",
            "random_id.suffix"
          ]
        }
      ]
    },
    {
      "mode": "managed",
      "type": "azurerm_network_security_group",
      "name": "subnet_nsg",
      "provider": "provider[\"registry.terraform.io/hashicorp/azurerm\"]",
      "instances": [
        {
          "schema_version": 0,
          "attributes": {
            "id": "/subscriptions/c4cba7ae-05ba-4520-b12a-8f6a4fe2d422/resourceGroups/rg-app-temperature-exporter-vm/providers/Microsoft.Network/networkSecurityGroups/nsg-subnet-default",
            "location": "westeurope",
            "name": "nsg-subnet-default",
            "resource_group_name": "rg-app-temperature-exporter-vm",
            "security_rule": [
              {
                "access": "Allow",
                "description": "",
                "destination_address_prefix": "*",
                "destination_address_prefixes": [],
                "destination_application_security_group_ids": [],
                "destination_port_range": "22",
                "destination_port_ranges": [],
                "direction": "Inbound",
                "name": "AllowSSH",
                "priority": 100,
                "protocol": "Tcp",
                "source_address_prefix": "*",
                "source_address_prefixes": [],
                "source_application_security_group_ids": [],
                "source_port_range": "*",
                "source_port_ranges": []
              }
            ],
            "tags": null,
            "timeouts": null
          },
          "sensitive_attributes": [],
          "identity_schema_version": 0,
          "private": "eyJlMmJmYjczMC1lY2FhLTExZTYtOGY4OC0zNDM2M2JjN2M0YzAiOnsiY3JlYXRlIjoxODAwMDAwMDAwMDAwLCJkZWxldGUiOjE4MDAwMDAwMDAwMDAsInJlYWQiOjMwMDAwMDAwMDAwMCwidXBkYXRlIjoxODAwMDAwMDAwMDAwfX0=",
          "dependencies": [
            "azurerm_resource_group.rg"
          ]
        }
      ]
    },
    {
      "mode": "managed",
      "type": "azurerm_public_ip",
      "name": "vm_ip",
      "provider": "provider[\"registry.terraform.io/hashicorp/azurerm\"]",
      "instances": [
        {
          "schema_version": 0,
          "attributes": {
            "allocation_method": "Dynamic",
            "ddos_protection_mode": "VirtualNetworkInherited",
            "ddos_protection_plan_id": null,
            "domain_name_label": null,
            "edge_zone": "",
            "fqdn": null,
            "id": "/subscriptions/c4cba7ae-05ba-4520-b12a-8f6a4fe2d422/resourceGroups/rg-app-temperature-exporter-vm/providers/Microsoft.Network/publicIPAddresses/vm-public-ip",
            "idle_timeout_in_minutes": 4,
            "ip_address": "",
            "ip_tags": null,
            "ip_version": "IPv4",
            "location": "westeurope",
            "name": "vm-public-ip",
            "public_ip_prefix_id": null,
            "resource_group_name": "rg-app-temperature-exporter-vm",
            "reverse_fqdn": null,
            "sku": "Basic",
            "sku_tier": "Regional",
            "tags": null,
            "timeouts": null,
            "zones": null
          },
          "sensitive_attributes": [],
          "identity_schema_version": 0,
          "private": "eyJlMmJmYjczMC1lY2FhLTExZTYtOGY4OC0zNDM2M2JjN2M0YzAiOnsiY3JlYXRlIjoxODAwMDAwMDAwMDAwLCJkZWxldGUiOjE4MDAwMDAwMDAwMDAsInJlYWQiOjMwMDAwMDAwMDAwMCwidXBkYXRlIjoxODAwMDAwMDAwMDAwfX0=",
          "dependencies": [
            "azurerm_resource_group.rg"
          ]
        }
      ]
    },
    {
      "mode": "managed",
      "type": "azurerm_resource_group",
      "name": "rg",
      "provider": "provider[\"registry.terraform.io/hashicorp/azurerm\"]",
      "instances": [
        {
          "schema_version": 0,
          "attributes": {
            "id": "/subscriptions/c4cba7ae-05ba-4520-b12a-8f6a4fe2d422/resourceGroups/rg-app-temperature-exporter-vm",
            "location": "westeurope",
            "managed_by": "",
            "name": "rg-app-temperature-exporter-vm",
            "tags": {
              "environment": "Production"
            },
            "timeouts": null
          },
          "sensitive_attributes": [],
          "identity_schema_version": 0,
          "private": "eyJlMmJmYjczMC1lY2FhLTExZTYtOGY4OC0zNDM2M2JjN2M0YzAiOnsiY3JlYXRlIjo1NDAwMDAwMDAwMDAwLCJkZWxldGUiOjU0MDAwMDAwMDAwMDAsInJlYWQiOjMwMDAwMDAwMDAwMCwidXBkYXRlIjo1NDAwMDAwMDAwMDAwfX0="
        }
      ]
    },
    {
      "mode": "managed",
      "type": "azurerm_virtual_network",
      "name": "vnet",
      "provider": "provider[\"registry.terraform.io/hashicorp/azurerm\"]",
      "instances": [
        {
          "schema_version": 0,
          "attributes": {
            "address_space": [
              "10.0.0.0/16"
            ],
            "bgp_community": "",
            "ddos_protection_plan": [],
            "dns_servers": [],
            "edge_zone": "",
            "encryption": [],
            "flow_timeout_in_minutes": 0,
            "guid": "8f40ca10-f471-436f-9ee3-f5fed0324f44",
            "id": "/subscriptions/c4cba7ae-05ba-4520-b12a-8f6a4fe2d422/resourceGroups/rg-app-temperature-exporter-vm/providers/Microsoft.Network/virtualNetworks/vnet-app-temperature-exporter",
            "location": "westeurope",
            "name": "vnet-app-temperature-exporter",
            "resource_group_name": "rg-app-temperature-exporter-vm",
            "subnet": [],
            "tags": null,
            "timeouts": null
          },
          "sensitive_attributes": [],
          "identity_schema_version": 0,
          "private": "eyJlMmJmYjczMC1lY2FhLTExZTYtOGY4OC0zNDM2M2JjN2M0YzAiOnsiY3JlYXRlIjoxODAwMDAwMDAwMDAwLCJkZWxldGUiOjE4MDAwMDAwMDAwMDAsInJlYWQiOjMwMDAwMDAwMDAwMCwidXBkYXRlIjoxODAwMDAwMDAwMDAwfX0=",
          "dependencies": [
            "azurerm_network_security_group.subnet_nsg",
            "azurerm_resource_group.rg"
          ]
        }
      ]
    },
    {
      "mode": "managed",
      "type": "random_id",
      "name": "suffix",
      "provider": "provider[\"registry.terraform.io/hashicorp/random\"]",
      "instances": [
        {
          "schema_version": 0,
          "attributes": {
            "b64_std": "t+PYUQ==",
            "b64_url": "t-PYUQ",
            "byte_length": 4,
            "dec": "3085162577",
            "hex": "b7e3d851",
            "id": "t-PYUQ",
            "keepers": null,
            "prefix": null
          },
          "sensitive_attributes": [],
          "identity_schema_version": 0
        }
      ]
    }
  ],
  "check_results": null
}
