{
  "version": 4,
  "terraform_version": "1.12.1",
  "serial": 45,
  "lineage": "452ad5ac-c8cc-11f6-55de-95faec6fd13d",
  "outputs": {
    "key_vault_name": {
      "value": "kv-ssh-b7e3d851",
      "type": "string"
    },
    "vm_public_ip": {
      "value": "52.233.152.33",
      "type": "string"
    }
  },
  "resources": [
    {
      "mode": "data",
      "type": "azurerm_client_config",
      "name": "current",
      "provider": "provider[\"registry.terraform.io/hashicorp/azurerm\"]",
      "instances": [
        {
          "schema_version": 0,
          "attributes": {
            "client_id": "4585fc7d-96a5-451b-b42d-0ca1b81907c5",
            "id": "Y2xpZW50Q29uZmlncy9jbGllbnRJZD00NTg1ZmM3ZC05NmE1LTQ1MWItYjQyZC0wY2ExYjgxOTA3YzU7b2JqZWN0SWQ9ZGY5ZWM3ZWQtMTcwNi00OTlkLThjZTItM2M2NDYzNmNmMzFiO3N1YnNjcmlwdGlvbklkPWM0Y2JhN2FlLTA1YmEtNDUyMC1iMTJhLThmNmE0ZmUyZDQyMjt0ZW5hbnRJZD01YzcxM2M1Ni05Yzc3LTRjOWEtYThmMS0xYWQzYzdhYWI5NjQ=",
            "object_id": "df9ec7ed-1706-499d-8ce2-3c64636cf31b",
            "subscription_id": "c4cba7ae-05ba-4520-b12a-8f6a4fe2d422",
            "tenant_id": "5c713c56-9c77-4c9a-a8f1-1ad3c7aab964",
            "timeouts": null
          },
          "sensitive_attributes": [],
          "identity_schema_version": 0
        }
      ]
    },
    {
      "mode": "data",
      "type": "azurerm_subnet",
      "name": "existing_subnet",
      "provider": "provider[\"registry.terraform.io/hashicorp/azurerm\"]",
      "instances": [
        {
          "schema_version": 0,
          "attributes": {
            "address_prefix": "10.0.1.0/24",
            "address_prefixes": [
              "10.0.1.0/24"
            ],
            "default_outbound_access_enabled": true,
            "enforce_private_link_endpoint_network_policies": true,
            "enforce_private_link_service_network_policies": false,
            "id": "/subscriptions/c4cba7ae-05ba-4520-b12a-8f6a4fe2d422/resourceGroups/rg-app-temperature-exporter-vm/providers/Microsoft.Network/virtualNetworks/vnet-app-temperature-exporter/subnets/subnet-default",
            "name": "subnet-default",
            "network_security_group_id": "/subscriptions/c4cba7ae-05ba-4520-b12a-8f6a4fe2d422/resourceGroups/rg-app-temperature-exporter-vm/providers/Microsoft.Network/networkSecurityGroups/nsg-subnet-default",
            "private_endpoint_network_policies": "Disabled",
            "private_endpoint_network_policies_enabled": false,
            "private_link_service_network_policies_enabled": true,
            "resource_group_name": "rg-app-temperature-exporter-vm",
            "route_table_id": "",
            "service_endpoints": [],
            "timeouts": null,
            "virtual_network_name": "vnet-app-temperature-exporter"
          },
          "sensitive_attributes": [],
          "identity_schema_version": 0
        }
      ]
    },
    {
      "mode": "managed",
      "type": "azurerm_key_vault",
      "name": "ssh_vault",
      "provider": "provider[\"registry.terraform.io/hashicorp/azurerm\"]",
      "instances": [
        {
          "schema_version": 2,
          "attributes": {
            "access_policy": [
              {
                "application_id": "",
                "certificate_permissions": [],
                "key_permissions": [],
                "object_id": "df9ec7ed-1706-499d-8ce2-3c64636cf31b",
                "secret_permissions": [
                  "Backup",
                  "Delete",
                  "Get",
                  "List",
                  "Purge",
                  "Recover",
                  "Restore",
                  "Set"
                ],
                "storage_permissions": [],
                "tenant_id": "5c713c56-9c77-4c9a-a8f1-1ad3c7aab964"
              }
            ],
            "contact": [],
            "enable_rbac_authorization": false,
            "enabled_for_deployment": false,
            "enabled_for_disk_encryption": false,
            "enabled_for_template_deployment": false,
            "id": "/subscriptions/c4cba7ae-05ba-4520-b12a-8f6a4fe2d422/resourceGroups/rg-app-temperature-exporter-vm/providers/Microsoft.KeyVault/vaults/kv-ssh-b7e3d851",
            "location": "westeurope",
            "name": "kv-ssh-b7e3d851",
            "network_acls": [
              {
                "bypass": "AzureServices",
                "default_action": "Allow",
                "ip_rules": [],
                "virtual_network_subnet_ids": []
              }
            ],
            "public_network_access_enabled": true,
            "purge_protection_enabled": false,
            "resource_group_name": "rg-app-temperature-exporter-vm",
            "sku_name": "standard",
            "soft_delete_retention_days": 7,
            "tags": {},
            "tenant_id": "5c713c56-9c77-4c9a-a8f1-1ad3c7aab964",
            "timeouts": null,
            "vault_uri": "https://kv-ssh-b7e3d851.vault.azure.net/"
          },
          "sensitive_attributes": [],
          "identity_schema_version": 0,
          "private": "eyJlMmJmYjczMC1lY2FhLTExZTYtOGY4OC0zNDM2M2JjN2M0YzAiOnsiY3JlYXRlIjoxODAwMDAwMDAwMDAwLCJkZWxldGUiOjE4MDAwMDAwMDAwMDAsInJlYWQiOjMwMDAwMDAwMDAwMCwidXBkYXRlIjoxODAwMDAwMDAwMDAwfSwic2NoZW1hX3ZlcnNpb24iOiIyIn0=",
          "dependencies": [
            "azurerm_resource_group.rg",
            "data.azurerm_client_config.current",
            "random_id.suffix"
          ]
        }
      ]
    },
    {
      "mode": "managed",
      "type": "azurerm_key_vault_access_policy",
      "name": "vm_policy",
      "provider": "provider[\"registry.terraform.io/hashicorp/azurerm\"]",
      "instances": [
        {
          "schema_version": 0,
          "attributes": {
            "application_id": null,
            "certificate_permissions": null,
            "id": "/subscriptions/c4cba7ae-05ba-4520-b12a-8f6a4fe2d422/resourceGroups/rg-app-temperature-exporter-vm/providers/Microsoft.KeyVault/vaults/kv-ssh-b7e3d851/objectId/c300de52-11d2-4737-b48b-0f04a27f0d38",
            "key_permissions": null,
            "key_vault_id": "/subscriptions/c4cba7ae-05ba-4520-b12a-8f6a4fe2d422/resourceGroups/rg-app-temperature-exporter-vm/providers/Microsoft.KeyVault/vaults/kv-ssh-b7e3d851",
            "object_id": "c300de52-11d2-4737-b48b-0f04a27f0d38",
            "secret_permissions": [
              "Get"
            ],
            "storage_permissions": null,
            "tenant_id": "5c713c56-9c77-4c9a-a8f1-1ad3c7aab964",
            "timeouts": null
          },
          "sensitive_attributes": [],
          "identity_schema_version": 0,
          "private": "eyJlMmJmYjczMC1lY2FhLTExZTYtOGY4OC0zNDM2M2JjN2M0YzAiOnsiY3JlYXRlIjoxODAwMDAwMDAwMDAwLCJkZWxldGUiOjE4MDAwMDAwMDAwMDAsInJlYWQiOjMwMDAwMDAwMDAwMCwidXBkYXRlIjoxODAwMDAwMDAwMDAwfX0=",
          "dependencies": [
            "azurerm_key_vault.ssh_vault",
            "azurerm_linux_virtual_machine.minikube_vm",
            "azurerm_network_interface.nic",
            "azurerm_network_security_group.subnet_nsg",
            "azurerm_public_ip.vm_ip",
            "azurerm_resource_group.rg",
            "azurerm_virtual_network.vnet",
            "data.azurerm_client_config.current",
            "data.azurerm_subnet.existing_subnet",
            "random_id.suffix"
          ]
        }
      ]
    },
    {
      "mode": "managed",
      "type": "azurerm_key_vault_secret",
      "name": "vm_ssh_private",
      "provider": "provider[\"registry.terraform.io/hashicorp/azurerm\"]",
      "instances": [
        {
          "schema_version": 0,
          "attributes": {
            "content_type": "text/plain",
            "expiration_date": null,
            "id": "https://kv-ssh-b7e3d851.vault.azure.net/secrets/vm-ssh-private-key/3fef37a9e48046299f7bb5bc9732d7b3",
            "key_vault_id": "/subscriptions/c4cba7ae-05ba-4520-b12a-8f6a4fe2d422/resourceGroups/rg-app-temperature-exporter-vm/providers/Microsoft.KeyVault/vaults/kv-ssh-b7e3d851",
            "name": "vm-ssh-private-key",
            "not_before_date": null,
            "resource_id": "/subscriptions/c4cba7ae-05ba-4520-b12a-8f6a4fe2d422/resourceGroups/rg-app-temperature-exporter-vm/providers/Microsoft.KeyVault/vaults/kv-ssh-b7e3d851/secrets/vm-ssh-private-key/versions/3fef37a9e48046299f7bb5bc9732d7b3",
            "resource_versionless_id": "/subscriptions/c4cba7ae-05ba-4520-b12a-8f6a4fe2d422/resourceGroups/rg-app-temperature-exporter-vm/providers/Microsoft.KeyVault/vaults/kv-ssh-b7e3d851/secrets/vm-ssh-private-key",
            "tags": null,
            "timeouts": null,
            "value": "-----BEGIN OPENSSH PRIVATE KEY----- b3BlbnNzaC1rZXktdjEAAAAABG5vbmUAAAAEbm9uZQAAAAAAAAABAAACFwAAAAdzc2gtcn NhAAAAAwEAAQAAAgEA1myBGFa79q2wndi3F6aOhSbDAPXa5CS+N8OC4qwXv3LABUmpAzrc Mhjts4ubUeDggCxQ5lowG0i2Ddx/U7uNDD9VPPzwfoJxPzVriJCFUl6fgiGGW2IEwlbE6v jdYVl9AVbyIigpHoICWntJkdr7Irq1UVQ0nodQWwzQIIqi0f0u2d818VbGoTGwneeJXvn+ AySRtDvytHgUB6tx6mLMzSgc32tIwszM+87L++k9ISuCdOHELAwBQQxK47letbqehUIOYn +Yy1jvEJc5Co3io12MH8T6bd4p5XT3WPVnOZ5J5gBAmbEm0WzV2pPv2vuMW5blss03SHFY fSQWAsB3fhlWkG0JWRr+zJ+HQ1CNnUrwguwHjK5bxM769cy6mIsIsEFczAYOxvPeDdWutA wrwkFSLsPT9/hJWOaiQUm6cuoOhw2NUpbGe0SYop/VIv9tFG5SGbglhmvTHx7V9XTNf8aJ u0k7vFcbT2bkvW9U/Ny+9fgoe9rzbKWUfRE3NEwoBPiiOTy0CeiJWu5UQghSpS+fUCVxF2 YFiUilEjhkV0cdRrwTnZOFMooIy6AWyX+qapYcuwAAWdfPIt828y7LuewTZSj/2L0NSfzf a5z33V5GQAqC5vHdEpLWGHqUZAaKznbWY0juZmgT1i6rHgPwfO4oRohq5lw5O5SWMNM9bz 0AAAdQQtEv6kLRL+oAAAAHc3NoLXJzYQAAAgEA1myBGFa79q2wndi3F6aOhSbDAPXa5CS+ N8OC4qwXv3LABUmpAzrcMhjts4ubUeDggCxQ5lowG0i2Ddx/U7uNDD9VPPzwfoJxPzVriJ CFUl6fgiGGW2IEwlbE6vjdYVl9AVbyIigpHoICWntJkdr7Irq1UVQ0nodQWwzQIIqi0f0u 2d818VbGoTGwneeJXvn+AySRtDvytHgUB6tx6mLMzSgc32tIwszM+87L++k9ISuCdOHELA wBQQxK47letbqehUIOYn+Yy1jvEJc5Co3io12MH8T6bd4p5XT3WPVnOZ5J5gBAmbEm0WzV 2pPv2vuMW5blss03SHFYfSQWAsB3fhlWkG0JWRr+zJ+HQ1CNnUrwguwHjK5bxM769cy6mI sIsEFczAYOxvPeDdWutAwrwkFSLsPT9/hJWOaiQUm6cuoOhw2NUpbGe0SYop/VIv9tFG5S GbglhmvTHx7V9XTNf8aJu0k7vFcbT2bkvW9U/Ny+9fgoe9rzbKWUfRE3NEwoBPiiOTy0Ce iJWu5UQghSpS+fUCVxF2YFiUilEjhkV0cdRrwTnZOFMooIy6AWyX+qapYcuwAAWdfPIt82 8y7LuewTZSj/2L0NSfzfa5z33V5GQAqC5vHdEpLWGHqUZAaKznbWY0juZmgT1i6rHgPwfO 4oRohq5lw5O5SWMNM9bz0AAAADAQABAAACAQC+FBGcccbONcqLIsGrxYoxntrezxLri2bU KAyuw7+Jhz+RcGrS4iqwfki5ENjvDFn3RVGx4eEjTqGUSBLXNzsh0ELPfanze87IKaLZvM Ny8U6VHQLtn0Z4wFJvuY0F7z5RIbIjdVZ+JOHRM9lT4rsdXkW9gtficDFbhVA6iKstWzNd D/HRrwsFefcHA2lTOGlkf9Zp33qXYJrg8apaDJtggl6V75Tgmoxb7EYHWgtGjDtpQXmVUk 8KSstYc8rxbi14E8aMqm/YU04ZdvSp1n1CNHsy7nrRSk/5iGZ8BY8sFJWNvkuF8vRmUgSB bwMBLFyQFIQqrKCFJ3U5+fNJHTTOg3oTramIDqbHDBKjb6CqqeiTyAiFL5d3QP6O9s9m2k Ww8C2S3zhVTnKm5UnQ3K0h5MPiOAsZCVGG/2shS5JPlRjW1LnSBEITNrxXo2gMBBgnCFWP kdOMa5oTMtqhvtztTVdim1pkBA3TLtyKoodThPnETAy/iheYfusIIGyfdrBT2LrsWCirzl 9lKW66QoMRUyzGy1jLS4XLAhM0Jf80RvtIc+UsYnnqZC7Lrjt5BJ3sR40qm2qoetoF8gFI AcR56RBn3TUBRGnLqsh4QcVly8g/Rtrfbm0eqQkUJf3isFlv5STx3RYb6EpxYaFnCK1ZN/ Nn/l13jjzltArGepg2QQAAAQEA7BW/Q+vfXBhyF1NdJUQVzEkyxORu08cJwghT/8nxBSqf zUiApc5yJX9pGNqQqC7tHDCUdfQnmJAkObLoeexD7PQNBz1Nk2brGbn1+JpbQpfuJT3iNq a/s9JdZjd3y2zstX4mvlaT/B5MkdMFRsMPdlOO7xN6FEawOdt8Sp6MQd6MuLesWztEJ2Xu SrsPtzrNsHbCs/kb2YUG32H4ErixAU/0Cu2Sww6h1xVaEOVL1m4v4kXyC+YfVaPzeScNsw I7i0wRA+c5jIAIM7MyPQl975xYE3amYgOF/wnyNDPXid3W8NbuuJDqL8HaYnha2t7p3FFW nkBh1BWrtv/44UgKzAAAAQEA+mCdQ/auBvD9rdwPEf9atTygdJuv5AZd4ALaxznAQqeVfo M9oViEm7A33ibujhFt0Bgxkh3p236KUMYHZZ4K/gRzk6QdkaXUySTgE5SmJnixzYsM8pMP 3oWh61lmcVqD8RRGWvj7/4OqvOg4EGazi53DoiM8XdXpQRQbnw1Y6v0eE5rfwk+VBaDPYu NexEu3r65FfFn9eEceSq8sk0byGR4xbqBk6tZrNLxnnZC0xM93lLwaeM9/0cmM5mH+3uUZ DQxrOYHYAWp82swjwhZiyaRS4wO5Mw688GdrSDhSddtPw7kD7Ut8wFfTjpF9pgpWxRwygc n6CLglHAgUUAX+awAAAQEA2z0ypoMGxJnf7ESNbANAWkDnHffTPJCYY9bT7ghdI9+cHC9Y nOy9Ie0o/FJNZUtWIEMxvNPNlPR5M21kBd3R210BuE3bavzfMvndn1wgtzxAFDUkbbXdI5 atcHtpCl1JD5qc0useHovoXMkm+Fa/JTe3kBx2l7v+rOS/Tom+LSL1hQH4ByqyQ6k3iRjh 67KEfefC/h6vuwvxjKsiqTB03/NPwQQ/LpzQXbfo7EiRzbhB4A7VOi1hOdTLJkZr8acNh1 hngl2l8+t9lZz2Ko+FFJsb+Q95AKwDDBVuT64q4kaVeoyYz0xdW/wyX7e6jMPOJeOt/7H1 grjo2ccsWjBi9wAAABNhenVyZS12bS1hY2Nlc3Mta2V5AQIDBAUG -----END OPENSSH PRIVATE KEY-----",
            "version": "3fef37a9e48046299f7bb5bc9732d7b3",
            "versionless_id": "https://kv-ssh-b7e3d851.vault.azure.net/secrets/vm-ssh-private-key"
          },
          "sensitive_attributes": [
            [
              {
                "type": "get_attr",
                "value": "value"
              }
            ]
          ],
          "identity_schema_version": 0,
          "private": "eyJlMmJmYjczMC1lY2FhLTExZTYtOGY4OC0zNDM2M2JjN2M0YzAiOnsiY3JlYXRlIjoxODAwMDAwMDAwMDAwLCJkZWxldGUiOjE4MDAwMDAwMDAwMDAsInJlYWQiOjE4MDAwMDAwMDAwMDAsInVwZGF0ZSI6MTgwMDAwMDAwMDAwMH19",
          "dependencies": [
            "azurerm_key_vault.ssh_vault",
            "azurerm_resource_group.rg",
            "data.azurerm_client_config.current",
            "random_id.suffix"
          ]
        }
      ]
    },
    {
      "mode": "managed",
      "type": "azurerm_linux_virtual_machine",
      "name": "minikube_vm",
      "provider": "provider[\"registry.terraform.io/hashicorp/azurerm\"]",
      "instances": [
        {
          "schema_version": 0,
          "attributes": {
            "additional_capabilities": [],
            "admin_password": null,
            "admin_ssh_key": [
              {
                "public_key": "ssh-rsa AAAAB3NzaC1yc2EAAAADAQABAAACAQDWbIEYVrv2rbCd2LcXpo6FJsMA9drkJL43w4LirBe/csAFSakDOtwyGO2zi5tR4OCALFDmWjAbSLYN3H9Tu40MP1U8/PB+gnE/NWuIkIVSXp+CIYZbYgTCVsTq+N1hWX0BVvIiKCkeggJae0mR2vsiurVRVDSeh1BbDNAgiqLR/S7Z3zXxVsahMbCd54le+f4DJJG0O/K0eBQHq3HqYszNKBzfa0jCzMz7zsv76T0hK4J04cQsDAFBDErjuV61up6FQg5if5jLWO8QlzkKjeKjXYwfxPpt3inldPdY9Wc5nknmAECZsSbRbNXak+/a+4xbluWyzTdIcVh9JBYCwHd+GVaQbQlZGv7Mn4dDUI2dSvCC7AeMrlvEzvr1zLqYiwiwQVzMBg7G894N1a60DCvCQVIuw9P3+ElY5qJBSbpy6g6HDY1SlsZ7RJiin9Ui/20UblIZuCWGa9MfHtX1dM1/xom7STu8VxtPZuS9b1T83L71+Ch72vNspZR9ETc0TCgE+KI5PLQJ6Ila7lRCCFKlL59QJXEXZgWJSKUSOGRXRx1GvBOdk4UyigjLoBbJf6pqlhy7AABZ188i3zbzLsu57BNlKP/YvQ1J/N9rnPfdXkZACoLm8d0SktYYepRkBorOdtZjSO5maBPWLqseA/B87ihGiGrmXDk7lJYw0z1vPQ== azure-vm-access-key",
                "username": "azureuser"
              }
            ],
            "admin_username": "azureuser",
            "allow_extension_operations": true,
            "availability_set_id": "",
            "boot_diagnostics": [],
            "bypass_platform_safety_checks_on_user_schedule_enabled": false,
            "capacity_reservation_group_id": "",
            "computer_name": "minikube-vm",
            "custom_data": "IyEvYmluL2Jhc2gKIyBJbnN0YWxsIEF6dXJlIENMSQpjdXJsIC1zTCBodHRwczovL2FrYS5tcy9JbnN0YWxsQXp1cmVDTElEZWIgfCBzdWRvIGJhc2gKCiMgUmV0cmlldmUgU1NIIGtleSBmcm9tIEtleSBWYXVsdApheiBsb2dpbiAtLWlkZW50aXR5CktFWV9WQVVMVF9OQU1FPSQoaG9zdG5hbWUgfCBjdXQgLWQnLScgLWYxLTIgfCB0ciAnLScgJyAnKQpQUklWQVRFX0tFWT0kKGF6IGtleXZhdWx0IHNlY3JldCBzaG93IC0tdmF1bHQtbmFtZSAkS0VZX1ZBVUxUX05BTUUgLS1uYW1lIHZtLXNzaC1wcml2YXRlLWtleSAtLXF1ZXJ5ICJ2YWx1ZSIgLW8gdHN2KQoKIyBDb25maWd1cmUgU1NICm1rZGlyIC1wIC9ob21lL2F6dXJldXNlci8uc3NoCmVjaG8gIiRQUklWQVRFX0tFWSIgPiAvaG9tZS9henVyZXVzZXIvLnNzaC9pZF9yc2EKY2htb2QgNjAwIC9ob21lL2F6dXJldXNlci8uc3NoL2lkX3JzYQpjaG93biBhenVyZXVzZXI6YXp1cmV1c2VyIC9ob21lL2F6dXJldXNlci8uc3NoL2lkX3JzYQoKIyBJbnN0YWxsIE1pbmlrdWJlIGFuZCBkZXBlbmRlbmNpZXMKc3VkbyBhcHQtZ2V0IHVwZGF0ZQpzdWRvIGFwdC1nZXQgaW5zdGFsbCAteSBhcHQtdHJhbnNwb3J0LWh0dHBzIGNhLWNlcnRpZmljYXRlcyBjdXJsCgojIERvY2tlciBpbnN0YWxsYXRpb24KY3VybCAtZnNTTCBodHRwczovL2dldC5kb2NrZXIuY29tIHwgc3VkbyBzaApzdWRvIHVzZXJtb2QgLWFHIGRvY2tlciBhenVyZXVzZXIKCiMgTWluaWt1YmUgaW5zdGFsbGF0aW9uCmN1cmwgLUxPIGh0dHBzOi8vc3RvcmFnZS5nb29nbGVhcGlzLmNvbS9taW5pa3ViZS9yZWxlYXNlcy9sYXRlc3QvbWluaWt1YmUtbGludXgtYW1kNjQKc3VkbyBpbnN0YWxsIG1pbmlrdWJlLWxpbnV4LWFtZDY0IC91c3IvbG9jYWwvYmluL21pbmlrdWJlCgojIEt1YmVybmV0ZXMgdG9vbHMKc3VkbyBzbmFwIGluc3RhbGwga3ViZWN0bCAtLWNsYXNzaWMKc3VkbyBzbmFwIGluc3RhbGwgaGVsbSAtLWNsYXNzaWMKCiMgU3RhcnQgTWluaWt1YmUKc3VkbyAtdSBhenVyZXVzZXIgbWluaWt1YmUgc3RhcnQgLS1kcml2ZXI9ZG9ja2Vy",
            "dedicated_host_group_id": "",
            "dedicated_host_id": "",
            "disable_password_authentication": true,
            "disk_controller_type": "",
            "edge_zone": "",
            "encryption_at_host_enabled": false,
            "eviction_policy": "",
            "extensions_time_budget": "PT1H30M",
            "gallery_application": [],
            "id": "/subscriptions/c4cba7ae-05ba-4520-b12a-8f6a4fe2d422/resourceGroups/rg-app-temperature-exporter-vm/providers/Microsoft.Compute/virtualMachines/minikube-vm",
            "identity": [
              {
                "identity_ids": [],
                "principal_id": "c300de52-11d2-4737-b48b-0f04a27f0d38",
                "tenant_id": "5c713c56-9c77-4c9a-a8f1-1ad3c7aab964",
                "type": "SystemAssigned"
              }
            ],
            "license_type": "",
            "location": "westeurope",
            "max_bid_price": -1,
            "name": "minikube-vm",
            "network_interface_ids": [
              "/subscriptions/c4cba7ae-05ba-4520-b12a-8f6a4fe2d422/resourceGroups/rg-app-temperature-exporter-vm/providers/Microsoft.Network/networkInterfaces/vm-nic"
            ],
            "os_disk": [
              {
                "caching": "ReadWrite",
                "diff_disk_settings": [],
                "disk_encryption_set_id": "",
                "disk_size_gb": 30,
                "name": "minikube-vm_disk1_a0e272938a87496d8603defbd5c69470",
                "secure_vm_disk_encryption_set_id": "",
                "security_encryption_type": "",
                "storage_account_type": "Standard_LRS",
                "write_accelerator_enabled": false
              }
            ],
            "os_image_notification": [],
            "patch_assessment_mode": "ImageDefault",
            "patch_mode": "ImageDefault",
            "plan": [],
            "platform_fault_domain": -1,
            "priority": "Regular",
            "private_ip_address": "10.0.1.4",
            "private_ip_addresses": [
              "10.0.1.4"
            ],
            "provision_vm_agent": true,
            "proximity_placement_group_id": "",
            "public_ip_address": "52.233.152.33",
            "public_ip_addresses": [
              "52.233.152.33"
            ],
            "reboot_setting": "",
            "resource_group_name": "rg-app-temperature-exporter-vm",
            "secret": [],
            "secure_boot_enabled": false,
            "size": "Standard_B2s",
            "source_image_id": "",
            "source_image_reference": [
              {
                "offer": "0001-com-ubuntu-server-jammy",
                "publisher": "Canonical",
                "sku": "22_04-lts",
                "version": "latest"
              }
            ],
            "tags": {},
            "termination_notification": [],
            "timeouts": null,
            "user_data": "",
            "virtual_machine_id": "68526558-48fd-45c7-aeab-f5ea27d66fd0",
            "virtual_machine_scale_set_id": "",
            "vm_agent_platform_updates_enabled": false,
            "vtpm_enabled": false,
            "zone": ""
          },
          "sensitive_attributes": [
            [
              {
                "type": "get_attr",
                "value": "admin_password"
              }
            ],
            [
              {
                "type": "get_attr",
                "value": "custom_data"
              }
            ]
          ],
          "identity_schema_version": 0,
          "private": "eyJlMmJmYjczMC1lY2FhLTExZTYtOGY4OC0zNDM2M2JjN2M0YzAiOnsiY3JlYXRlIjoyNzAwMDAwMDAwMDAwLCJkZWxldGUiOjI3MDAwMDAwMDAwMDAsInJlYWQiOjMwMDAwMDAwMDAwMCwidXBkYXRlIjoyNzAwMDAwMDAwMDAwfX0=",
          "dependencies": [
            "azurerm_network_interface.nic",
            "azurerm_network_security_group.subnet_nsg",
            "azurerm_public_ip.vm_ip",
            "azurerm_resource_group.rg",
            "azurerm_virtual_network.vnet",
            "data.azurerm_subnet.existing_subnet"
          ]
        }
      ]
    },
    {
      "mode": "managed",
      "type": "azurerm_network_interface",
      "name": "nic",
      "provider": "provider[\"registry.terraform.io/hashicorp/azurerm\"]",
      "instances": [
        {
          "schema_version": 0,
          "attributes": {
            "accelerated_networking_enabled": false,
            "applied_dns_servers": [],
            "auxiliary_mode": "",
            "auxiliary_sku": "",
            "dns_servers": [],
            "edge_zone": "",
            "enable_accelerated_networking": false,
            "enable_ip_forwarding": false,
            "id": "/subscriptions/c4cba7ae-05ba-4520-b12a-8f6a4fe2d422/resourceGroups/rg-app-temperature-exporter-vm/providers/Microsoft.Network/networkInterfaces/vm-nic",
            "internal_dns_name_label": "",
            "internal_domain_name_suffix": "zdyvqz41uubutmf4nnnyftozkb.ax.internal.cloudapp.net",
            "ip_configuration": [
              {
                "gateway_load_balancer_frontend_ip_configuration_id": "",
                "name": "internal",
                "primary": true,
                "private_ip_address": "10.0.1.4",
                "private_ip_address_allocation": "Dynamic",
                "private_ip_address_version": "IPv4",
                "public_ip_address_id": "/subscriptions/c4cba7ae-05ba-4520-b12a-8f6a4fe2d422/resourceGroups/rg-app-temperature-exporter-vm/providers/Microsoft.Network/publicIPAddresses/vm-public-ip",
                "subnet_id": "/subscriptions/c4cba7ae-05ba-4520-b12a-8f6a4fe2d422/resourceGroups/rg-app-temperature-exporter-vm/providers/Microsoft.Network/virtualNetworks/vnet-app-temperature-exporter/subnets/subnet-default"
              }
            ],
            "ip_forwarding_enabled": false,
            "location": "westeurope",
            "mac_address": "7C-1E-52-70-CE-A2",
            "name": "vm-nic",
            "private_ip_address": "10.0.1.4",
            "private_ip_addresses": [
              "10.0.1.4"
            ],
            "resource_group_name": "rg-app-temperature-exporter-vm",
            "tags": {},
            "timeouts": null,
            "virtual_machine_id": "/subscriptions/c4cba7ae-05ba-4520-b12a-8f6a4fe2d422/resourceGroups/rg-app-temperature-exporter-vm/providers/Microsoft.Compute/virtualMachines/minikube-vm"
          },
          "sensitive_attributes": [],
          "identity_schema_version": 0,
          "private": "eyJlMmJmYjczMC1lY2FhLTExZTYtOGY4OC0zNDM2M2JjN2M0YzAiOnsiY3JlYXRlIjoxODAwMDAwMDAwMDAwLCJkZWxldGUiOjE4MDAwMDAwMDAwMDAsInJlYWQiOjMwMDAwMDAwMDAwMCwidXBkYXRlIjoxODAwMDAwMDAwMDAwfX0=",
          "dependencies": [
            "azurerm_network_security_group.subnet_nsg",
            "azurerm_public_ip.vm_ip",
            "azurerm_resource_group.rg",
            "azurerm_virtual_network.vnet",
            "data.azurerm_subnet.existing_subnet"
          ]
        }
      ]
    },
    {
      "mode": "managed",
      "type": "azurerm_network_security_group",
      "name": "subnet_nsg",
      "provider": "provider[\"registry.terraform.io/hashicorp/azurerm\"]",
      "instances": [
        {
          "schema_version": 0,
          "attributes": {
            "id": "/subscriptions/c4cba7ae-05ba-4520-b12a-8f6a4fe2d422/resourceGroups/rg-app-temperature-exporter-vm/providers/Microsoft.Network/networkSecurityGroups/nsg-subnet-default",
            "location": "westeurope",
            "name": "nsg-subnet-default",
            "resource_group_name": "rg-app-temperature-exporter-vm",
            "security_rule": [
              {
                "access": "Allow",
                "description": "",
                "destination_address_prefix": "*",
                "destination_address_prefixes": [],
                "destination_application_security_group_ids": [],
                "destination_port_range": "22",
                "destination_port_ranges": [],
                "direction": "Inbound",
                "name": "AllowSSH",
                "priority": 100,
                "protocol": "Tcp",
                "source_address_prefix": "*",
                "source_address_prefixes": [],
                "source_application_security_group_ids": [],
                "source_port_range": "*",
                "source_port_ranges": []
              }
            ],
            "tags": {},
            "timeouts": null
          },
          "sensitive_attributes": [],
          "identity_schema_version": 0,
          "private": "eyJlMmJmYjczMC1lY2FhLTExZTYtOGY4OC0zNDM2M2JjN2M0YzAiOnsiY3JlYXRlIjoxODAwMDAwMDAwMDAwLCJkZWxldGUiOjE4MDAwMDAwMDAwMDAsInJlYWQiOjMwMDAwMDAwMDAwMCwidXBkYXRlIjoxODAwMDAwMDAwMDAwfX0=",
          "dependencies": [
            "azurerm_resource_group.rg"
          ]
        }
      ]
    },
    {
      "mode": "managed",
      "type": "azurerm_public_ip",
      "name": "vm_ip",
      "provider": "provider[\"registry.terraform.io/hashicorp/azurerm\"]",
      "instances": [
        {
          "schema_version": 0,
          "attributes": {
            "allocation_method": "Dynamic",
            "ddos_protection_mode": "VirtualNetworkInherited",
            "ddos_protection_plan_id": null,
            "domain_name_label": null,
            "edge_zone": "",
            "fqdn": null,
            "id": "/subscriptions/c4cba7ae-05ba-4520-b12a-8f6a4fe2d422/resourceGroups/rg-app-temperature-exporter-vm/providers/Microsoft.Network/publicIPAddresses/vm-public-ip",
            "idle_timeout_in_minutes": 4,
            "ip_address": "52.233.152.33",
            "ip_tags": {},
            "ip_version": "IPv4",
            "location": "westeurope",
            "name": "vm-public-ip",
            "public_ip_prefix_id": null,
            "resource_group_name": "rg-app-temperature-exporter-vm",
            "reverse_fqdn": null,
            "sku": "Basic",
            "sku_tier": "Regional",
            "tags": {},
            "timeouts": null,
            "zones": []
          },
          "sensitive_attributes": [],
          "identity_schema_version": 0,
          "private": "eyJlMmJmYjczMC1lY2FhLTExZTYtOGY4OC0zNDM2M2JjN2M0YzAiOnsiY3JlYXRlIjoxODAwMDAwMDAwMDAwLCJkZWxldGUiOjE4MDAwMDAwMDAwMDAsInJlYWQiOjMwMDAwMDAwMDAwMCwidXBkYXRlIjoxODAwMDAwMDAwMDAwfX0=",
          "dependencies": [
            "azurerm_resource_group.rg"
          ]
        }
      ]
    },
    {
      "mode": "managed",
      "type": "azurerm_resource_group",
      "name": "rg",
      "provider": "provider[\"registry.terraform.io/hashicorp/azurerm\"]",
      "instances": [
        {
          "schema_version": 0,
          "attributes": {
            "id": "/subscriptions/c4cba7ae-05ba-4520-b12a-8f6a4fe2d422/resourceGroups/rg-app-temperature-exporter-vm",
            "location": "westeurope",
            "managed_by": "",
            "name": "rg-app-temperature-exporter-vm",
            "tags": {
              "environment": "Production"
            },
            "timeouts": null
          },
          "sensitive_attributes": [],
          "identity_schema_version": 0,
          "private": "eyJlMmJmYjczMC1lY2FhLTExZTYtOGY4OC0zNDM2M2JjN2M0YzAiOnsiY3JlYXRlIjo1NDAwMDAwMDAwMDAwLCJkZWxldGUiOjU0MDAwMDAwMDAwMDAsInJlYWQiOjMwMDAwMDAwMDAwMCwidXBkYXRlIjo1NDAwMDAwMDAwMDAwfX0="
        }
      ]
    },
    {
      "mode": "managed",
      "type": "azurerm_virtual_network",
      "name": "vnet",
      "provider": "provider[\"registry.terraform.io/hashicorp/azurerm\"]",
      "instances": [
        {
          "schema_version": 0,
          "attributes": {
            "address_space": [
              "10.0.0.0/16"
            ],
            "bgp_community": "",
            "ddos_protection_plan": [],
            "dns_servers": [
              "10.0.0.4",
              "10.0.0.5"
            ],
            "edge_zone": "",
            "encryption": [],
            "flow_timeout_in_minutes": 0,
            "guid": "6758f1c8-a5db-4903-b0be-6b5b82cdd951",
            "id": "/subscriptions/c4cba7ae-05ba-4520-b12a-8f6a4fe2d422/resourceGroups/rg-app-temperature-exporter-vm/providers/Microsoft.Network/virtualNetworks/vnet-app-temperature-exporter",
            "location": "westeurope",
            "name": "vnet-app-temperature-exporter",
            "resource_group_name": "rg-app-temperature-exporter-vm",
            "subnet": [
              {
                "address_prefix": "10.0.1.0/24",
                "id": "/subscriptions/c4cba7ae-05ba-4520-b12a-8f6a4fe2d422/resourceGroups/rg-app-temperature-exporter-vm/providers/Microsoft.Network/virtualNetworks/vnet-app-temperature-exporter/subnets/subnet-default",
                "name": "subnet-default",
                "security_group": "/subscriptions/c4cba7ae-05ba-4520-b12a-8f6a4fe2d422/resourceGroups/rg-app-temperature-exporter-vm/providers/Microsoft.Network/networkSecurityGroups/nsg-subnet-default"
              }
            ],
            "tags": {},
            "timeouts": null
          },
          "sensitive_attributes": [],
          "identity_schema_version": 0,
          "private": "eyJlMmJmYjczMC1lY2FhLTExZTYtOGY4OC0zNDM2M2JjN2M0YzAiOnsiY3JlYXRlIjoxODAwMDAwMDAwMDAwLCJkZWxldGUiOjE4MDAwMDAwMDAwMDAsInJlYWQiOjMwMDAwMDAwMDAwMCwidXBkYXRlIjoxODAwMDAwMDAwMDAwfX0=",
          "dependencies": [
            "azurerm_network_security_group.subnet_nsg",
            "azurerm_resource_group.rg"
          ]
        }
      ]
    },
    {
      "mode": "managed",
      "type": "random_id",
      "name": "suffix",
      "provider": "provider[\"registry.terraform.io/hashicorp/random\"]",
      "instances": [
        {
          "schema_version": 0,
          "attributes": {
            "b64_std": "t+PYUQ==",
            "b64_url": "t-PYUQ",
            "byte_length": 4,
            "dec": "3085162577",
            "hex": "b7e3d851",
            "id": "t-PYUQ",
            "keepers": null,
            "prefix": null
          },
          "sensitive_attributes": [],
          "identity_schema_version": 0
        }
      ]
    }
  ],
  "check_results": null
}
